
Microsoft Visual Studio Solution File, Format Version 12.00
# Visual Studio 2012
Project("{FAE04EC0-301F-11D3-BF4B-00C04F79EFBC}") = "ProjectDownloadExcel", "ProjectDownloadExcel\ProjectDownloadExcel.csproj", "{BB8D4DD8-232F-4650-B8F7-0FDEC4DFE4BA}"
EndProject
Global
	GlobalSection(SolutionConfigurationPlatforms) = preSolution
		Debug|Any CPU = Debug|Any CPU
		Release|Any CPU = Release|Any CPU
	EndGlobalSection
	GlobalSection(ProjectConfigurationPlatforms) = postSolution
		{BB8D4DD8-232F-4650-B8F7-0FDEC4DFE4BA}.Debug|Any CPU.ActiveCfg = Debug|Any CPU
		{BB8D4DD8-232F-4650-B8F7-0FDEC4DFE4BA}.Debug|Any CPU.Build.0 = Debug|Any CPU
		{BB8D4DD8-232F-4650-B8F7-0FDEC4DFE4BA}.Release|Any CPU.ActiveCfg = Release|Any CPU
		{BB8D4DD8-232F-4650-B8F7-0FDEC4DFE4BA}.Release|Any CPU.Build.0 = Release|Any CPU
	EndGlobalSection
	GlobalSection(SolutionProperties) = preSolution
		HideSolutionNode = FALSE
	EndGlobalSection
EndGlobal
